// !$*UTF8*$!
{
	archiveVersion = 1;
	classes = {
	};
	objectVersion = 46;
	objects = {

/* Begin PBXBuildFile section */
		72CBBE9E1A5C44D9004E01CB /* Memory.cpp in Sources */ = {isa = PBXBuildFile; fileRef = 72CBBE901A5C4359004E01CB /* Memory.cpp */; };
		72CBBE9F1A5C44DF004E01CB /* bootstrap.s in Sources */ = {isa = PBXBuildFile; fileRef = 72C103D91A5846790084D4AA /* bootstrap.s */; };
		72CBBEA01A5C44E1004E01CB /* main.cpp in Sources */ = {isa = PBXBuildFile; fileRef = 72C103C31A5840100084D4AA /* main.cpp */; };
		72CBBEA31A5C4C9C004E01CB /* Framebuffer.cpp in Sources */ = {isa = PBXBuildFile; fileRef = 72CBBEA11A5C4C9C004E01CB /* Framebuffer.cpp */; };
		72CBBEAA1A5C5CEC004E01CB /* Mailbox.cpp in Sources */ = {isa = PBXBuildFile; fileRef = 72CBBEA81A5C5CEC004E01CB /* Mailbox.cpp */; };
		72E57D961A6D8E3B004B0475 /* UART.cpp in Sources */ = {isa = PBXBuildFile; fileRef = 72E57D941A6D8E3B004B0475 /* UART.cpp */; };
		72ED27FF1AED338D0004DF73 /* Errors.cpp in Sources */ = {isa = PBXBuildFile; fileRef = 72ED27FD1AED338D0004DF73 /* Errors.cpp */; };
		72ED28031AED344F0004DF73 /* StringFunctions.cpp in Sources */ = {isa = PBXBuildFile; fileRef = 72ED28011AED344F0004DF73 /* StringFunctions.cpp */; };
		72FE6B611A5C8396007BE221 /* font.cpp in Sources */ = {isa = PBXBuildFile; fileRef = 72FE6B5F1A5C8396007BE221 /* font.cpp */; };
/* End PBXBuildFile section */

/* Begin PBXCopyFilesBuildPhase section */
		72CBBE941A5C44D0004E01CB /* CopyFiles */ = {
			isa = PBXCopyFilesBuildPhase;
			buildActionMask = 2147483647;
			dstPath = /usr/share/man/man1/;
			dstSubfolderSpec = 0;
			files = (
			);
			runOnlyForDeploymentPostprocessing = 1;
		};
/* End PBXCopyFilesBuildPhase section */

/* Begin PBXFileReference section */
		72C103C31A5840100084D4AA /* main.cpp */ = {isa = PBXFileReference; fileEncoding = 4; lastKnownFileType = sourcecode.cpp.cpp; path = main.cpp; sourceTree = "<group>"; };
		72C103C41A5840100084D4AA /* main.h */ = {isa = PBXFileReference; fileEncoding = 4; lastKnownFileType = sourcecode.c.h; path = main.h; sourceTree = "<group>"; };
		72C103D91A5846790084D4AA /* bootstrap.s */ = {isa = PBXFileReference; fileEncoding = 4; lastKnownFileType = sourcecode.asm; path = bootstrap.s; sourceTree = "<group>"; };
		72C103DA1A584A180084D4AA /* linker.ld */ = {isa = PBXFileReference; fileEncoding = 4; lastKnownFileType = text; path = linker.ld; sourceTree = "<group>"; };
		72C103DB1A584AAB0084D4AA /* makefile */ = {isa = PBXFileReference; fileEncoding = 4; lastKnownFileType = sourcecode.make; path = makefile; sourceTree = "<group>"; usesTabs = 0; };
		72C103DC1A584F4A0084D4AA /* kernel.ld */ = {isa = PBXFileReference; fileEncoding = 4; lastKnownFileType = text; path = kernel.ld; sourceTree = "<group>"; };
		72CBBE901A5C4359004E01CB /* Memory.cpp */ = {isa = PBXFileReference; fileEncoding = 4; lastKnownFileType = sourcecode.cpp.cpp; path = Memory.cpp; sourceTree = "<group>"; };
		72CBBE911A5C4359004E01CB /* Memory.h */ = {isa = PBXFileReference; fileEncoding = 4; lastKnownFileType = sourcecode.c.h; path = Memory.h; sourceTree = "<group>"; };
		72CBBE961A5C44D0004E01CB /* MKPi-doc */ = {isa = PBXFileReference; explicitFileType = "compiled.mach-o.executable"; includeInIndex = 0; path = "MKPi-doc"; sourceTree = BUILT_PRODUCTS_DIR; };
		72CBBEA11A5C4C9C004E01CB /* Framebuffer.cpp */ = {isa = PBXFileReference; fileEncoding = 4; lastKnownFileType = sourcecode.cpp.cpp; path = Framebuffer.cpp; sourceTree = "<group>"; };
		72CBBEA21A5C4C9C004E01CB /* Framebuffer.h */ = {isa = PBXFileReference; fileEncoding = 4; lastKnownFileType = sourcecode.c.h; path = Framebuffer.h; sourceTree = "<group>"; };
		72CBBEA81A5C5CEC004E01CB /* Mailbox.cpp */ = {isa = PBXFileReference; fileEncoding = 4; lastKnownFileType = sourcecode.cpp.cpp; path = Mailbox.cpp; sourceTree = "<group>"; };
		72CBBEA91A5C5CEC004E01CB /* Mailbox.h */ = {isa = PBXFileReference; fileEncoding = 4; lastKnownFileType = sourcecode.c.h; path = Mailbox.h; sourceTree = "<group>"; };
		72CBBEAB1A5C6221004E01CB /* MailboxRequests.h */ = {isa = PBXFileReference; fileEncoding = 4; lastKnownFileType = sourcecode.c.h; path = MailboxRequests.h; sourceTree = "<group>"; };
		72E57D941A6D8E3B004B0475 /* UART.cpp */ = {isa = PBXFileReference; fileEncoding = 4; lastKnownFileType = sourcecode.cpp.cpp; path = UART.cpp; sourceTree = "<group>"; };
		72E57D951A6D8E3B004B0475 /* UART.h */ = {isa = PBXFileReference; fileEncoding = 4; lastKnownFileType = sourcecode.c.h; path = UART.h; sourceTree = "<group>"; };
		72ED27FD1AED338D0004DF73 /* Errors.cpp */ = {isa = PBXFileReference; fileEncoding = 4; lastKnownFileType = sourcecode.cpp.cpp; path = Errors.cpp; sourceTree = "<group>"; };
		72ED27FE1AED338D0004DF73 /* Errors.h */ = {isa = PBXFileReference; fileEncoding = 4; lastKnownFileType = sourcecode.c.h; path = Errors.h; sourceTree = "<group>"; };
		72ED28011AED344F0004DF73 /* StringFunctions.cpp */ = {isa = PBXFileReference; fileEncoding = 4; lastKnownFileType = sourcecode.cpp.cpp; path = StringFunctions.cpp; sourceTree = "<group>"; };
		72ED28021AED344F0004DF73 /* StringFunctions.h */ = {isa = PBXFileReference; fileEncoding = 4; lastKnownFileType = sourcecode.c.h; path = StringFunctions.h; sourceTree = "<group>"; };
		72FE6B5F1A5C8396007BE221 /* font.cpp */ = {isa = PBXFileReference; fileEncoding = 4; lastKnownFileType = sourcecode.cpp.cpp; path = font.cpp; sourceTree = "<group>"; };
		72FE6B601A5C8396007BE221 /* font.h */ = {isa = PBXFileReference; fileEncoding = 4; lastKnownFileType = sourcecode.c.h; path = font.h; sourceTree = "<group>"; };
/* End PBXFileReference section */

/* Begin PBXFrameworksBuildPhase section */
		72CBBE931A5C44D0004E01CB /* Frameworks */ = {
			isa = PBXFrameworksBuildPhase;
			buildActionMask = 2147483647;
			files = (
			);
			runOnlyForDeploymentPostprocessing = 0;
		};
/* End PBXFrameworksBuildPhase section */

/* Begin PBXGroup section */
		726A95731A5839D6005D0695 = {
			isa = PBXGroup;
			children = (
				72C103D81A58458B0084D4AA /* compile */,
				72C103C21A583FD80084D4AA /* source */,
				72CBBE971A5C44D0004E01CB /* Products */,
			);
			sourceTree = "<group>";
		};
		72C103C21A583FD80084D4AA /* source */ = {
			isa = PBXGroup;
			children = (
				72ED28001AED343A0004DF73 /* Strings */,
				72C2BBBD1A5B2E2B004BEE7A /* Display */,
				72C2BBBC1A5B2E1A004BEE7A /* HIL */,
				72C103D91A5846790084D4AA /* bootstrap.s */,
				72C103C31A5840100084D4AA /* main.cpp */,
				72C103C41A5840100084D4AA /* main.h */,
			);
			path = source;
			sourceTree = "<group>";
		};
		72C103D81A58458B0084D4AA /* compile */ = {
			isa = PBXGroup;
			children = (
				72C103DB1A584AAB0084D4AA /* makefile */,
				72C103DC1A584F4A0084D4AA /* kernel.ld */,
				72C103DA1A584A180084D4AA /* linker.ld */,
			);
			path = compile;
			sourceTree = "<group>";
		};
		72C2BBBC1A5B2E1A004BEE7A /* HIL */ = {
			isa = PBXGroup;
			children = (
				72CBBE901A5C4359004E01CB /* Memory.cpp */,
				72CBBE911A5C4359004E01CB /* Memory.h */,
				72CBBEA11A5C4C9C004E01CB /* Framebuffer.cpp */,
				72CBBEA21A5C4C9C004E01CB /* Framebuffer.h */,
				72CBBEA81A5C5CEC004E01CB /* Mailbox.cpp */,
				72CBBEA91A5C5CEC004E01CB /* Mailbox.h */,
				72CBBEAB1A5C6221004E01CB /* MailboxRequests.h */,
				72E57D941A6D8E3B004B0475 /* UART.cpp */,
				72E57D951A6D8E3B004B0475 /* UART.h */,
				72ED27FD1AED338D0004DF73 /* Errors.cpp */,
				72ED27FE1AED338D0004DF73 /* Errors.h */,
			);
			name = HIL;
			sourceTree = "<group>";
		};
		72C2BBBD1A5B2E2B004BEE7A /* Display */ = {
			isa = PBXGroup;
			children = (
				72FE6B5F1A5C8396007BE221 /* font.cpp */,
				72FE6B601A5C8396007BE221 /* font.h */,
			);
			name = Display;
			sourceTree = "<group>";
		};
		72CBBE971A5C44D0004E01CB /* Products */ = {
			isa = PBXGroup;
			children = (
				72CBBE961A5C44D0004E01CB /* MKPi-doc */,
			);
			name = Products;
			sourceTree = "<group>";
		};
		72ED28001AED343A0004DF73 /* Strings */ = {
			isa = PBXGroup;
			children = (
				72ED28011AED344F0004DF73 /* StringFunctions.cpp */,
				72ED28021AED344F0004DF73 /* StringFunctions.h */,
			);
			name = Strings;
			sourceTree = "<group>";
		};
/* End PBXGroup section */

/* Begin PBXLegacyTarget section */
		726A95781A5839D6005D0695 /* MKPi */ = {
			isa = PBXLegacyTarget;
			buildArgumentsString = "$(ACTION)";
			buildConfigurationList = 726A957B1A5839D6005D0695 /* Build configuration list for PBXLegacyTarget "MKPi" */;
			buildPhases = (
			);
			buildToolPath = make;
			buildWorkingDirectory = ./compile;
			dependencies = (
			);
			name = MKPi;
			passBuildSettingsInEnvironment = 1;
			productName = MKPi;
		};
/* End PBXLegacyTarget section */

/* Begin PBXNativeTarget section */
		72CBBE951A5C44D0004E01CB /* MKPi-doc */ = {
			isa = PBXNativeTarget;
			buildConfigurationList = 72CBBE9B1A5C44D0004E01CB /* Build configuration list for PBXNativeTarget "MKPi-doc" */;
			buildPhases = (
				72CBBE921A5C44D0004E01CB /* Sources */,
				72CBBE931A5C44D0004E01CB /* Frameworks */,
				72CBBE941A5C44D0004E01CB /* CopyFiles */,
			);
			buildRules = (
			);
			dependencies = (
			);
			name = "MKPi-doc";
			productName = "MKPi-doc";
			productReference = 72CBBE961A5C44D0004E01CB /* MKPi-doc */;
			productType = "com.apple.product-type.tool";
		};
/* End PBXNativeTarget section */

/* Begin PBXProject section */
		726A95741A5839D6005D0695 /* Project object */ = {
			isa = PBXProject;
			attributes = {
				LastUpgradeCheck = 0610;
				ORGANIZATIONNAME = "Maurus Kühne";
				TargetAttributes = {
					726A95781A5839D6005D0695 = {
						CreatedOnToolsVersion = 6.1.1;
					};
					72CBBE951A5C44D0004E01CB = {
						CreatedOnToolsVersion = 6.1.1;
					};
				};
			};
			buildConfigurationList = 726A95771A5839D6005D0695 /* Build configuration list for PBXProject "MKPi" */;
			compatibilityVersion = "Xcode 3.2";
			developmentRegion = English;
			hasScannedForEncodings = 0;
			knownRegions = (
				en,
			);
			mainGroup = 726A95731A5839D6005D0695;
			productRefGroup = 72CBBE971A5C44D0004E01CB /* Products */;
			projectDirPath = "";
			projectRoot = "";
			targets = (
				726A95781A5839D6005D0695 /* MKPi */,
				72CBBE951A5C44D0004E01CB /* MKPi-doc */,
			);
		};
/* End PBXProject section */

/* Begin PBXSourcesBuildPhase section */
		72CBBE921A5C44D0004E01CB /* Sources */ = {
			isa = PBXSourcesBuildPhase;
			buildActionMask = 2147483647;
			files = (
				72ED27FF1AED338D0004DF73 /* Errors.cpp in Sources */,
				72CBBE9F1A5C44DF004E01CB /* bootstrap.s in Sources */,
				72CBBEA31A5C4C9C004E01CB /* Framebuffer.cpp in Sources */,
				72FE6B611A5C8396007BE221 /* font.cpp in Sources */,
				72CBBE9E1A5C44D9004E01CB /* Memory.cpp in Sources */,
				72CBBEAA1A5C5CEC004E01CB /* Mailbox.cpp in Sources */,
				72CBBEA01A5C44E1004E01CB /* main.cpp in Sources */,
				72ED28031AED344F0004DF73 /* StringFunctions.cpp in Sources */,
				72E57D961A6D8E3B004B0475 /* UART.cpp in Sources */,
			);
			runOnlyForDeploymentPostprocessing = 0;
		};
/* End PBXSourcesBuildPhase section */

/* Begin XCBuildConfiguration section */
		726A95791A5839D6005D0695 /* Debug */ = {
			isa = XCBuildConfiguration;
			buildSettings = {
				ALWAYS_SEARCH_USER_PATHS = NO;
				CLANG_CXX_LANGUAGE_STANDARD = "gnu++0x";
				CLANG_CXX_LIBRARY = "libc++";
				CLANG_ENABLE_MODULES = YES;
				CLANG_ENABLE_OBJC_ARC = YES;
				CLANG_WARN_BOOL_CONVERSION = YES;
				CLANG_WARN_CONSTANT_CONVERSION = YES;
				CLANG_WARN_DIRECT_OBJC_ISA_USAGE = YES_ERROR;
				CLANG_WARN_EMPTY_BODY = YES;
				CLANG_WARN_ENUM_CONVERSION = YES;
				CLANG_WARN_INT_CONVERSION = YES;
				CLANG_WARN_OBJC_ROOT_CLASS = YES_ERROR;
				CLANG_WARN_UNREACHABLE_CODE = YES;
				CLANG_WARN__DUPLICATE_METHOD_MATCH = YES;
				COPY_PHASE_STRIP = NO;
				ENABLE_STRICT_OBJC_MSGSEND = YES;
				GCC_C_LANGUAGE_STANDARD = gnu99;
				GCC_DYNAMIC_NO_PIC = NO;
				GCC_OPTIMIZATION_LEVEL = 0;
				GCC_PREPROCESSOR_DEFINITIONS = (
					"DEBUG=1",
					"$(inherited)",
				);
				GCC_SYMBOLS_PRIVATE_EXTERN = NO;
				GCC_WARN_64_TO_32_BIT_CONVERSION = YES;
				GCC_WARN_ABOUT_RETURN_TYPE = YES_ERROR;
				GCC_WARN_UNDECLARED_SELECTOR = YES;
				GCC_WARN_UNINITIALIZED_AUTOS = YES_AGGRESSIVE;
				GCC_WARN_UNUSED_FUNCTION = YES;
				GCC_WARN_UNUSED_VARIABLE = YES;
				MACOSX_DEPLOYMENT_TARGET = 10.10;
				MTL_ENABLE_DEBUG_INFO = YES;
				ONLY_ACTIVE_ARCH = YES;
				SDKROOT = macosx;
			};
			name = Debug;
		};
		726A957A1A5839D6005D0695 /* Release */ = {
			isa = XCBuildConfiguration;
			buildSettings = {
				ALWAYS_SEARCH_USER_PATHS = NO;
				CLANG_CXX_LANGUAGE_STANDARD = "gnu++0x";
				CLANG_CXX_LIBRARY = "libc++";
				CLANG_ENABLE_MODULES = YES;
				CLANG_ENABLE_OBJC_ARC = YES;
				CLANG_WARN_BOOL_CONVERSION = YES;
				CLANG_WARN_CONSTANT_CONVERSION = YES;
				CLANG_WARN_DIRECT_OBJC_ISA_USAGE = YES_ERROR;
				CLANG_WARN_EMPTY_BODY = YES;
				CLANG_WARN_ENUM_CONVERSION = YES;
				CLANG_WARN_INT_CONVERSION = YES;
				CLANG_WARN_OBJC_ROOT_CLASS = YES_ERROR;
				CLANG_WARN_UNREACHABLE_CODE = YES;
				CLANG_WARN__DUPLICATE_METHOD_MATCH = YES;
				COPY_PHASE_STRIP = YES;
				DEBUG_INFORMATION_FORMAT = "dwarf-with-dsym";
				ENABLE_NS_ASSERTIONS = NO;
				ENABLE_STRICT_OBJC_MSGSEND = YES;
				GCC_C_LANGUAGE_STANDARD = gnu99;
				GCC_WARN_64_TO_32_BIT_CONVERSION = YES;
				GCC_WARN_ABOUT_RETURN_TYPE = YES_ERROR;
				GCC_WARN_UNDECLARED_SELECTOR = YES;
				GCC_WARN_UNINITIALIZED_AUTOS = YES_AGGRESSIVE;
				GCC_WARN_UNUSED_FUNCTION = YES;
				GCC_WARN_UNUSED_VARIABLE = YES;
				MACOSX_DEPLOYMENT_TARGET = 10.10;
				MTL_ENABLE_DEBUG_INFO = NO;
				SDKROOT = macosx;
			};
			name = Release;
		};
		726A957C1A5839D6005D0695 /* Debug */ = {
			isa = XCBuildConfiguration;
			buildSettings = {
				DEBUGGING_SYMBOLS = YES;
				GCC_GENERATE_DEBUGGING_SYMBOLS = YES;
				GCC_OPTIMIZATION_LEVEL = 0;
				OTHER_CFLAGS = "";
				OTHER_LDFLAGS = "";
				PRODUCT_NAME = "$(TARGET_NAME)";
			};
			name = Debug;
		};
		726A957D1A5839D6005D0695 /* Release */ = {
			isa = XCBuildConfiguration;
			buildSettings = {
				OTHER_CFLAGS = "";
				OTHER_LDFLAGS = "";
				PRODUCT_NAME = "$(TARGET_NAME)";
			};
			name = Release;
		};
		72CBBE9C1A5C44D0004E01CB /* Debug */ = {
			isa = XCBuildConfiguration;
			buildSettings = {
				GCC_PREPROCESSOR_DEFINITIONS = (
					"DEBUG=1",
					"$(inherited)",
				);
				PRODUCT_NAME = "$(TARGET_NAME)";
			};
			name = Debug;
		};
		72CBBE9D1A5C44D0004E01CB /* Release */ = {
			isa = XCBuildConfiguration;
			buildSettings = {
				PRODUCT_NAME = "$(TARGET_NAME)";
			};
			name = Release;
		};
/* End XCBuildConfiguration section */

/* Begin XCConfigurationList section */
		726A95771A5839D6005D0695 /* Build configuration list for PBXProject "MKPi" */ = {
			isa = XCConfigurationList;
			buildConfigurations = (
				726A95791A5839D6005D0695 /* Debug */,
				726A957A1A5839D6005D0695 /* Release */,
			);
			defaultConfigurationIsVisible = 0;
			defaultConfigurationName = Release;
		};
		726A957B1A5839D6005D0695 /* Build configuration list for PBXLegacyTarget "MKPi" */ = {
			isa = XCConfigurationList;
			buildConfigurations = (
				726A957C1A5839D6005D0695 /* Debug */,
				726A957D1A5839D6005D0695 /* Release */,
			);
			defaultConfigurationIsVisible = 0;
			defaultConfigurationName = Release;
		};
		72CBBE9B1A5C44D0004E01CB /* Build configuration list for PBXNativeTarget "MKPi-doc" */ = {
			isa = XCConfigurationList;
			buildConfigurations = (
				72CBBE9C1A5C44D0004E01CB /* Debug */,
				72CBBE9D1A5C44D0004E01CB /* Release */,
			);
			defaultConfigurationIsVisible = 0;
			defaultConfigurationName = Release;
		};
/* End XCConfigurationList section */
	};
	rootObject = 726A95741A5839D6005D0695 /* Project object */;
}
