// !$*UTF8*$!
{
	archiveVersion = 1;
	classes = {
	};
	objectVersion = 46;
	objects = {

/* Begin PBXBuildFile section */
		721DFCF41B04AD3C004AC11F /* newlib_syscalls.cpp in Sources */ = {isa = PBXBuildFile; fileRef = 721DFCF21B04AD3C004AC11F /* newlib_syscalls.cpp */; };
		72C2F3BB1B0743E8005C216A /* CommandInterpreter.cpp in Sources */ = {isa = PBXBuildFile; fileRef = 72C2F3B91B0743E8005C216A /* CommandInterpreter.cpp */; };
		72C2F3BE1B074402005C216A /* Console.cpp in Sources */ = {isa = PBXBuildFile; fileRef = 72C2F3BC1B074402005C216A /* Console.cpp */; };
		72CBBE9E1A5C44D9004E01CB /* Memory.cpp in Sources */ = {isa = PBXBuildFile; fileRef = 72CBBE901A5C4359004E01CB /* Memory.cpp */; };
		72CBBE9F1A5C44DF004E01CB /* bootstrap.s in Sources */ = {isa = PBXBuildFile; fileRef = 72C103D91A5846790084D4AA /* bootstrap.s */; };
		72CBBEA01A5C44E1004E01CB /* main.cpp in Sources */ = {isa = PBXBuildFile; fileRef = 72C103C31A5840100084D4AA /* main.cpp */; };
		72CBBEA31A5C4C9C004E01CB /* Framebuffer.cpp in Sources */ = {isa = PBXBuildFile; fileRef = 72CBBEA11A5C4C9C004E01CB /* Framebuffer.cpp */; };
		72CBBEAA1A5C5CEC004E01CB /* Mailbox.cpp in Sources */ = {isa = PBXBuildFile; fileRef = 72CBBEA81A5C5CEC004E01CB /* Mailbox.cpp */; };
		72D18DF11B0667BC0093C771 /* ActLed.cpp in Sources */ = {isa = PBXBuildFile; fileRef = 72D18DEF1B0667BC0093C771 /* ActLed.cpp */; };
		72D23CBF1AF52C76001E38AE /* ArrayList.cpp in Sources */ = {isa = PBXBuildFile; fileRef = 72D23CBD1AF52C76001E38AE /* ArrayList.cpp */; };
		72D23CC31AF53984001E38AE /* NewOperator.cpp in Sources */ = {isa = PBXBuildFile; fileRef = 72D23CC11AF53984001E38AE /* NewOperator.cpp */; };
		72E57D961A6D8E3B004B0475 /* UART.cpp in Sources */ = {isa = PBXBuildFile; fileRef = 72E57D941A6D8E3B004B0475 /* UART.cpp */; };
		72ED27FF1AED338D0004DF73 /* Errors.cpp in Sources */ = {isa = PBXBuildFile; fileRef = 72ED27FD1AED338D0004DF73 /* Errors.cpp */; };
		72ED28061AED4F310004DF73 /* AddressTypes.cpp in Sources */ = {isa = PBXBuildFile; fileRef = 72ED28051AED4F310004DF73 /* AddressTypes.cpp */; };
		72ED934D1AF3BD3C00999B2F /* main.cpp in Sources */ = {isa = PBXBuildFile; fileRef = 72ED934C1AF3BD3700999B2F /* main.cpp */; };
		72ED93511AF3C30000999B2F /* StringFunctionsTest.cpp in Sources */ = {isa = PBXBuildFile; fileRef = 72ED934F1AF3C30000999B2F /* StringFunctionsTest.cpp */; };
		72F19F731B0B587400907611 /* DebugOperations.cpp in Sources */ = {isa = PBXBuildFile; fileRef = 72F19F711B0B587400907611 /* DebugOperations.cpp */; };
		72FE6B611A5C8396007BE221 /* font.cpp in Sources */ = {isa = PBXBuildFile; fileRef = 72FE6B5F1A5C8396007BE221 /* font.cpp */; };
/* End PBXBuildFile section */

/* Begin PBXCopyFilesBuildPhase section */
		72CBBE941A5C44D0004E01CB /* CopyFiles */ = {
			isa = PBXCopyFilesBuildPhase;
			buildActionMask = 2147483647;
			dstPath = /usr/share/man/man1/;
			dstSubfolderSpec = 0;
			files = (
			);
			runOnlyForDeploymentPostprocessing = 1;
		};
		72ED93431AF3BD1300999B2F /* CopyFiles */ = {
			isa = PBXCopyFilesBuildPhase;
			buildActionMask = 2147483647;
			dstPath = /usr/share/man/man1/;
			dstSubfolderSpec = 0;
			files = (
			);
			runOnlyForDeploymentPostprocessing = 1;
		};
/* End PBXCopyFilesBuildPhase section */

/* Begin PBXFileReference section */
		721DFCF21B04AD3C004AC11F /* newlib_syscalls.cpp */ = {isa = PBXFileReference; fileEncoding = 4; lastKnownFileType = sourcecode.cpp.cpp; path = newlib_syscalls.cpp; sourceTree = "<group>"; };
		721DFCF31B04AD3C004AC11F /* newlib_syscalls.h */ = {isa = PBXFileReference; fileEncoding = 4; lastKnownFileType = sourcecode.c.h; path = newlib_syscalls.h; sourceTree = "<group>"; };
		72C103C31A5840100084D4AA /* main.cpp */ = {isa = PBXFileReference; fileEncoding = 4; lastKnownFileType = sourcecode.cpp.cpp; path = main.cpp; sourceTree = "<group>"; };
		72C103C41A5840100084D4AA /* main.h */ = {isa = PBXFileReference; fileEncoding = 4; lastKnownFileType = sourcecode.c.h; path = main.h; sourceTree = "<group>"; };
		72C103D91A5846790084D4AA /* bootstrap.s */ = {isa = PBXFileReference; fileEncoding = 4; lastKnownFileType = sourcecode.asm; path = bootstrap.s; sourceTree = "<group>"; };
		72C103DA1A584A180084D4AA /* linker.ld */ = {isa = PBXFileReference; fileEncoding = 4; lastKnownFileType = text; path = linker.ld; sourceTree = "<group>"; };
		72C103DB1A584AAB0084D4AA /* makefile */ = {isa = PBXFileReference; fileEncoding = 4; lastKnownFileType = sourcecode.make; path = makefile; sourceTree = "<group>"; usesTabs = 0; };
		72C103DC1A584F4A0084D4AA /* kernel.ld */ = {isa = PBXFileReference; fileEncoding = 4; lastKnownFileType = text; path = kernel.ld; sourceTree = "<group>"; };
		72C2F3B91B0743E8005C216A /* CommandInterpreter.cpp */ = {isa = PBXFileReference; fileEncoding = 4; lastKnownFileType = sourcecode.cpp.cpp; path = CommandInterpreter.cpp; sourceTree = "<group>"; };
		72C2F3BA1B0743E8005C216A /* CommandInterpreter.h */ = {isa = PBXFileReference; fileEncoding = 4; lastKnownFileType = sourcecode.c.h; path = CommandInterpreter.h; sourceTree = "<group>"; };
		72C2F3BC1B074402005C216A /* Console.cpp */ = {isa = PBXFileReference; fileEncoding = 4; lastKnownFileType = sourcecode.cpp.cpp; path = Console.cpp; sourceTree = "<group>"; };
		72C2F3BD1B074402005C216A /* Console.h */ = {isa = PBXFileReference; fileEncoding = 4; lastKnownFileType = sourcecode.c.h; path = Console.h; sourceTree = "<group>"; };
		72CBBE901A5C4359004E01CB /* Memory.cpp */ = {isa = PBXFileReference; fileEncoding = 4; lastKnownFileType = sourcecode.cpp.cpp; path = Memory.cpp; sourceTree = "<group>"; };
		72CBBE911A5C4359004E01CB /* Memory.h */ = {isa = PBXFileReference; fileEncoding = 4; lastKnownFileType = sourcecode.c.h; path = Memory.h; sourceTree = "<group>"; };
		72CBBE961A5C44D0004E01CB /* MKPi-doc */ = {isa = PBXFileReference; explicitFileType = "compiled.mach-o.executable"; includeInIndex = 0; path = "MKPi-doc"; sourceTree = BUILT_PRODUCTS_DIR; };
		72CBBEA11A5C4C9C004E01CB /* Framebuffer.cpp */ = {isa = PBXFileReference; fileEncoding = 4; lastKnownFileType = sourcecode.cpp.cpp; path = Framebuffer.cpp; sourceTree = "<group>"; };
		72CBBEA21A5C4C9C004E01CB /* Framebuffer.h */ = {isa = PBXFileReference; fileEncoding = 4; lastKnownFileType = sourcecode.c.h; path = Framebuffer.h; sourceTree = "<group>"; };
		72CBBEA81A5C5CEC004E01CB /* Mailbox.cpp */ = {isa = PBXFileReference; fileEncoding = 4; lastKnownFileType = sourcecode.cpp.cpp; path = Mailbox.cpp; sourceTree = "<group>"; };
		72CBBEA91A5C5CEC004E01CB /* Mailbox.h */ = {isa = PBXFileReference; fileEncoding = 4; lastKnownFileType = sourcecode.c.h; path = Mailbox.h; sourceTree = "<group>"; };
		72CBBEAB1A5C6221004E01CB /* MailboxRequests.h */ = {isa = PBXFileReference; fileEncoding = 4; lastKnownFileType = sourcecode.c.h; path = MailboxRequests.h; sourceTree = "<group>"; };
		72D18DEF1B0667BC0093C771 /* ActLed.cpp */ = {isa = PBXFileReference; fileEncoding = 4; lastKnownFileType = sourcecode.cpp.cpp; path = ActLed.cpp; sourceTree = "<group>"; };
		72D18DF01B0667BC0093C771 /* ActLed.h */ = {isa = PBXFileReference; fileEncoding = 4; lastKnownFileType = sourcecode.c.h; path = ActLed.h; sourceTree = "<group>"; };
		72D18DF21B066AC00093C771 /* HIL.h */ = {isa = PBXFileReference; lastKnownFileType = sourcecode.c.h; path = HIL.h; sourceTree = "<group>"; };
		72D196701AF61B870012148F /* System.h */ = {isa = PBXFileReference; lastKnownFileType = sourcecode.c.h; path = System.h; sourceTree = "<group>"; };
		72D23CBD1AF52C76001E38AE /* ArrayList.cpp */ = {isa = PBXFileReference; fileEncoding = 4; lastKnownFileType = sourcecode.cpp.cpp; path = ArrayList.cpp; sourceTree = "<group>"; };
		72D23CBE1AF52C76001E38AE /* ArrayList.h */ = {isa = PBXFileReference; fileEncoding = 4; lastKnownFileType = sourcecode.c.h; path = ArrayList.h; sourceTree = "<group>"; };
		72D23CC11AF53984001E38AE /* NewOperator.cpp */ = {isa = PBXFileReference; fileEncoding = 4; lastKnownFileType = sourcecode.cpp.cpp; path = NewOperator.cpp; sourceTree = "<group>"; };
		72D23CC21AF53984001E38AE /* NewOperator.h */ = {isa = PBXFileReference; fileEncoding = 4; lastKnownFileType = sourcecode.c.h; path = NewOperator.h; sourceTree = "<group>"; };
		72E57D941A6D8E3B004B0475 /* UART.cpp */ = {isa = PBXFileReference; fileEncoding = 4; lastKnownFileType = sourcecode.cpp.cpp; path = UART.cpp; sourceTree = "<group>"; };
		72E57D951A6D8E3B004B0475 /* UART.h */ = {isa = PBXFileReference; fileEncoding = 4; lastKnownFileType = sourcecode.c.h; path = UART.h; sourceTree = "<group>"; };
		72ED27FD1AED338D0004DF73 /* Errors.cpp */ = {isa = PBXFileReference; fileEncoding = 4; lastKnownFileType = sourcecode.cpp.cpp; path = Errors.cpp; sourceTree = "<group>"; };
		72ED27FE1AED338D0004DF73 /* Errors.h */ = {isa = PBXFileReference; fileEncoding = 4; lastKnownFileType = sourcecode.c.h; path = Errors.h; sourceTree = "<group>"; };
		72ED28051AED4F310004DF73 /* AddressTypes.cpp */ = {isa = PBXFileReference; fileEncoding = 4; lastKnownFileType = sourcecode.cpp.cpp; path = AddressTypes.cpp; sourceTree = "<group>"; };
		72ED93401AF3BCC900999B2F /* catch.hpp */ = {isa = PBXFileReference; fileEncoding = 4; lastKnownFileType = sourcecode.cpp.h; path = catch.hpp; sourceTree = "<group>"; };
		72ED93451AF3BD1300999B2F /* mkpi-tests */ = {isa = PBXFileReference; explicitFileType = "compiled.mach-o.executable"; includeInIndex = 0; path = "mkpi-tests"; sourceTree = BUILT_PRODUCTS_DIR; };
		72ED934C1AF3BD3700999B2F /* main.cpp */ = {isa = PBXFileReference; fileEncoding = 4; lastKnownFileType = sourcecode.cpp.cpp; path = main.cpp; sourceTree = "<group>"; };
		72ED934F1AF3C30000999B2F /* StringFunctionsTest.cpp */ = {isa = PBXFileReference; fileEncoding = 4; lastKnownFileType = sourcecode.cpp.cpp; path = StringFunctionsTest.cpp; sourceTree = "<group>"; };
		72ED93521AF3DE8300999B2F /* AddressTypes.h */ = {isa = PBXFileReference; lastKnownFileType = sourcecode.c.h; path = AddressTypes.h; sourceTree = "<group>"; };
		72F19F711B0B587400907611 /* DebugOperations.cpp */ = {isa = PBXFileReference; fileEncoding = 4; lastKnownFileType = sourcecode.cpp.cpp; path = DebugOperations.cpp; sourceTree = "<group>"; };
		72F19F721B0B587400907611 /* DebugOperations.h */ = {isa = PBXFileReference; fileEncoding = 4; lastKnownFileType = sourcecode.c.h; path = DebugOperations.h; sourceTree = "<group>"; };
		72FE6B5F1A5C8396007BE221 /* font.cpp */ = {isa = PBXFileReference; fileEncoding = 4; lastKnownFileType = sourcecode.cpp.cpp; path = font.cpp; sourceTree = "<group>"; };
		72FE6B601A5C8396007BE221 /* font.h */ = {isa = PBXFileReference; fileEncoding = 4; lastKnownFileType = sourcecode.c.h; path = font.h; sourceTree = "<group>"; };
/* End PBXFileReference section */

/* Begin PBXFrameworksBuildPhase section */
		72CBBE931A5C44D0004E01CB /* Frameworks */ = {
			isa = PBXFrameworksBuildPhase;
			buildActionMask = 2147483647;
			files = (
			);
			runOnlyForDeploymentPostprocessing = 0;
		};
		72ED93421AF3BD1300999B2F /* Frameworks */ = {
			isa = PBXFrameworksBuildPhase;
			buildActionMask = 2147483647;
			files = (
			);
			runOnlyForDeploymentPostprocessing = 0;
		};
/* End PBXFrameworksBuildPhase section */

/* Begin PBXGroup section */
		726A95731A5839D6005D0695 = {
			isa = PBXGroup;
			children = (
				72ED933F1AF3BCC900999B2F /* tests */,
				72C103D81A58458B0084D4AA /* compile */,
				72C103C21A583FD80084D4AA /* source */,
				72ED93461AF3BD1300999B2F /* mkpi-tests */,
				72CBBE971A5C44D0004E01CB /* Products */,
			);
			sourceTree = "<group>";
		};
		72C103C21A583FD80084D4AA /* source */ = {
			isa = PBXGroup;
			children = (
				72D23CC01AF5394B001E38AE /* System */,
				72D23CBC1AF52C57001E38AE /* Collections */,
				72C2BBBD1A5B2E2B004BEE7A /* Display */,
				72C2BBBC1A5B2E1A004BEE7A /* HIL */,
				72C103D91A5846790084D4AA /* bootstrap.s */,
				72C103C31A5840100084D4AA /* main.cpp */,
				72C103C41A5840100084D4AA /* main.h */,
			);
			path = source;
			sourceTree = "<group>";
		};
		72C103D81A58458B0084D4AA /* compile */ = {
			isa = PBXGroup;
			children = (
				72C103DB1A584AAB0084D4AA /* makefile */,
				72C103DC1A584F4A0084D4AA /* kernel.ld */,
				72C103DA1A584A180084D4AA /* linker.ld */,
			);
			path = compile;
			sourceTree = "<group>";
		};
		72C2BBBC1A5B2E1A004BEE7A /* HIL */ = {
			isa = PBXGroup;
			children = (
				72ED28041AED4F030004DF73 /* Memory */,
				72CBBEA11A5C4C9C004E01CB /* Framebuffer.cpp */,
				72CBBEA21A5C4C9C004E01CB /* Framebuffer.h */,
				72CBBEA81A5C5CEC004E01CB /* Mailbox.cpp */,
				72CBBEA91A5C5CEC004E01CB /* Mailbox.h */,
				72CBBEAB1A5C6221004E01CB /* MailboxRequests.h */,
				72E57D941A6D8E3B004B0475 /* UART.cpp */,
				72E57D951A6D8E3B004B0475 /* UART.h */,
				72ED27FD1AED338D0004DF73 /* Errors.cpp */,
				72ED27FE1AED338D0004DF73 /* Errors.h */,
				72D18DEF1B0667BC0093C771 /* ActLed.cpp */,
				72D18DF01B0667BC0093C771 /* ActLed.h */,
				72D18DF21B066AC00093C771 /* HIL.h */,
			);
			name = HIL;
			sourceTree = "<group>";
		};
		72C2BBBD1A5B2E2B004BEE7A /* Display */ = {
			isa = PBXGroup;
			children = (
				72FE6B5F1A5C8396007BE221 /* font.cpp */,
				72FE6B601A5C8396007BE221 /* font.h */,
			);
			name = Display;
			sourceTree = "<group>";
		};
		72CBBE971A5C44D0004E01CB /* Products */ = {
			isa = PBXGroup;
			children = (
				72CBBE961A5C44D0004E01CB /* MKPi-doc */,
				72ED93451AF3BD1300999B2F /* mkpi-tests */,
			);
			name = Products;
			sourceTree = "<group>";
		};
		72D23CBC1AF52C57001E38AE /* Collections */ = {
			isa = PBXGroup;
			children = (
				72D23CBD1AF52C76001E38AE /* ArrayList.cpp */,
				72D23CBE1AF52C76001E38AE /* ArrayList.h */,
			);
			name = Collections;
			sourceTree = "<group>";
		};
		72D23CC01AF5394B001E38AE /* System */ = {
			isa = PBXGroup;
			children = (
				72F19F701B0B585300907611 /* Diagnostics */,
				72D23CC21AF53984001E38AE /* NewOperator.h */,
				72D23CC11AF53984001E38AE /* NewOperator.cpp */,
				72D196701AF61B870012148F /* System.h */,
				721DFCF31B04AD3C004AC11F /* newlib_syscalls.h */,
				721DFCF21B04AD3C004AC11F /* newlib_syscalls.cpp */,
				72C2F3B91B0743E8005C216A /* CommandInterpreter.cpp */,
				72C2F3BA1B0743E8005C216A /* CommandInterpreter.h */,
				72C2F3BC1B074402005C216A /* Console.cpp */,
				72C2F3BD1B074402005C216A /* Console.h */,
			);
			name = System;
			sourceTree = "<group>";
		};
		72ED28041AED4F030004DF73 /* Memory */ = {
			isa = PBXGroup;
			children = (
				72CBBE911A5C4359004E01CB /* Memory.h */,
				72CBBE901A5C4359004E01CB /* Memory.cpp */,
				72ED28051AED4F310004DF73 /* AddressTypes.cpp */,
				72ED93521AF3DE8300999B2F /* AddressTypes.h */,
			);
			name = Memory;
			sourceTree = "<group>";
		};
		72ED933F1AF3BCC900999B2F /* tests */ = {
			isa = PBXGroup;
			children = (
				72ED93401AF3BCC900999B2F /* catch.hpp */,
				72ED934C1AF3BD3700999B2F /* main.cpp */,
				72ED934F1AF3C30000999B2F /* StringFunctionsTest.cpp */,
			);
			path = tests;
			sourceTree = "<group>";
		};
		72ED93461AF3BD1300999B2F /* mkpi-tests */ = {
			isa = PBXGroup;
			children = (
			);
			path = "mkpi-tests";
			sourceTree = "<group>";
		};
		72F19F701B0B585300907611 /* Diagnostics */ = {
			isa = PBXGroup;
			children = (
				72F19F711B0B587400907611 /* DebugOperations.cpp */,
				72F19F721B0B587400907611 /* DebugOperations.h */,
			);
			name = Diagnostics;
			sourceTree = "<group>";
		};
/* End PBXGroup section */

/* Begin PBXLegacyTarget section */
		726A95781A5839D6005D0695 /* MKPi */ = {
			isa = PBXLegacyTarget;
			buildArgumentsString = "$(ACTION)";
			buildConfigurationList = 726A957B1A5839D6005D0695 /* Build configuration list for PBXLegacyTarget "MKPi" */;
			buildPhases = (
			);
			buildToolPath = make;
			buildWorkingDirectory = ./compile;
			dependencies = (
			);
			name = MKPi;
			passBuildSettingsInEnvironment = 1;
			productName = MKPi;
		};
/* End PBXLegacyTarget section */

/* Begin PBXNativeTarget section */
		72CBBE951A5C44D0004E01CB /* MKPi-doc */ = {
			isa = PBXNativeTarget;
			buildConfigurationList = 72CBBE9B1A5C44D0004E01CB /* Build configuration list for PBXNativeTarget "MKPi-doc" */;
			buildPhases = (
				72CBBE921A5C44D0004E01CB /* Sources */,
				72CBBE931A5C44D0004E01CB /* Frameworks */,
				72CBBE941A5C44D0004E01CB /* CopyFiles */,
			);
			buildRules = (
			);
			dependencies = (
			);
			name = "MKPi-doc";
			productName = "MKPi-doc";
			productReference = 72CBBE961A5C44D0004E01CB /* MKPi-doc */;
			productType = "com.apple.product-type.tool";
		};
		72ED93441AF3BD1300999B2F /* mkpi-tests */ = {
			isa = PBXNativeTarget;
			buildConfigurationList = 72ED93491AF3BD1300999B2F /* Build configuration list for PBXNativeTarget "mkpi-tests" */;
			buildPhases = (
				72ED93411AF3BD1300999B2F /* Sources */,
				72ED93421AF3BD1300999B2F /* Frameworks */,
				72ED93431AF3BD1300999B2F /* CopyFiles */,
			);
			buildRules = (
			);
			dependencies = (
			);
			name = "mkpi-tests";
			productName = "mkpi-tests";
			productReference = 72ED93451AF3BD1300999B2F /* mkpi-tests */;
			productType = "com.apple.product-type.tool";
		};
/* End PBXNativeTarget section */

/* Begin PBXProject section */
		726A95741A5839D6005D0695 /* Project object */ = {
			isa = PBXProject;
			attributes = {
				LastUpgradeCheck = 0610;
				ORGANIZATIONNAME = "Maurus Kühne";
				TargetAttributes = {
					726A95781A5839D6005D0695 = {
						CreatedOnToolsVersion = 6.1.1;
					};
					72CBBE951A5C44D0004E01CB = {
						CreatedOnToolsVersion = 6.1.1;
					};
					72ED93441AF3BD1300999B2F = {
						CreatedOnToolsVersion = 6.3;
					};
				};
			};
			buildConfigurationList = 726A95771A5839D6005D0695 /* Build configuration list for PBXProject "MKPi" */;
			compatibilityVersion = "Xcode 3.2";
			developmentRegion = English;
			hasScannedForEncodings = 0;
			knownRegions = (
				en,
			);
			mainGroup = 726A95731A5839D6005D0695;
			productRefGroup = 72CBBE971A5C44D0004E01CB /* Products */;
			projectDirPath = "";
			projectRoot = "";
			targets = (
				726A95781A5839D6005D0695 /* MKPi */,
				72CBBE951A5C44D0004E01CB /* MKPi-doc */,
				72ED93441AF3BD1300999B2F /* mkpi-tests */,
			);
		};
/* End PBXProject section */

/* Begin PBXSourcesBuildPhase section */
		72CBBE921A5C44D0004E01CB /* Sources */ = {
			isa = PBXSourcesBuildPhase;
			buildActionMask = 2147483647;
			files = (
				72ED27FF1AED338D0004DF73 /* Errors.cpp in Sources */,
				72CBBE9F1A5C44DF004E01CB /* bootstrap.s in Sources */,
				72D23CC31AF53984001E38AE /* NewOperator.cpp in Sources */,
				72CBBEA31A5C4C9C004E01CB /* Framebuffer.cpp in Sources */,
				72FE6B611A5C8396007BE221 /* font.cpp in Sources */,
				721DFCF41B04AD3C004AC11F /* newlib_syscalls.cpp in Sources */,
				72ED28061AED4F310004DF73 /* AddressTypes.cpp in Sources */,
				72CBBE9E1A5C44D9004E01CB /* Memory.cpp in Sources */,
				72C2F3BB1B0743E8005C216A /* CommandInterpreter.cpp in Sources */,
				72D23CBF1AF52C76001E38AE /* ArrayList.cpp in Sources */,
				72CBBEAA1A5C5CEC004E01CB /* Mailbox.cpp in Sources */,
				72C2F3BE1B074402005C216A /* Console.cpp in Sources */,
				72D18DF11B0667BC0093C771 /* ActLed.cpp in Sources */,
				72CBBEA01A5C44E1004E01CB /* main.cpp in Sources */,
				72E57D961A6D8E3B004B0475 /* UART.cpp in Sources */,
				72F19F731B0B587400907611 /* DebugOperations.cpp in Sources */,
			);
			runOnlyForDeploymentPostprocessing = 0;
		};
		72ED93411AF3BD1300999B2F /* Sources */ = {
			isa = PBXSourcesBuildPhase;
			buildActionMask = 2147483647;
			files = (
				72ED934D1AF3BD3C00999B2F /* main.cpp in Sources */,
				72ED93511AF3C30000999B2F /* StringFunctionsTest.cpp in Sources */,
			);
			runOnlyForDeploymentPostprocessing = 0;
		};
/* End PBXSourcesBuildPhase section */

/* Begin XCBuildConfiguration section */
		726A95791A5839D6005D0695 /* Debug */ = {
			isa = XCBuildConfiguration;
			buildSettings = {
				ALWAYS_SEARCH_USER_PATHS = NO;
				CLANG_CXX_LANGUAGE_STANDARD = "gnu++0x";
				CLANG_CXX_LIBRARY = "libc++";
				CLANG_ENABLE_MODULES = YES;
				CLANG_ENABLE_OBJC_ARC = YES;
				CLANG_WARN_BOOL_CONVERSION = YES;
				CLANG_WARN_CONSTANT_CONVERSION = YES;
				CLANG_WARN_DIRECT_OBJC_ISA_USAGE = YES_ERROR;
				CLANG_WARN_EMPTY_BODY = YES;
				CLANG_WARN_ENUM_CONVERSION = YES;
				CLANG_WARN_INT_CONVERSION = YES;
				CLANG_WARN_OBJC_ROOT_CLASS = YES_ERROR;
				CLANG_WARN_UNREACHABLE_CODE = YES;
				CLANG_WARN__DUPLICATE_METHOD_MATCH = YES;
				COPY_PHASE_STRIP = NO;
				ENABLE_STRICT_OBJC_MSGSEND = YES;
				GCC_C_LANGUAGE_STANDARD = gnu99;
				GCC_DYNAMIC_NO_PIC = NO;
				GCC_OPTIMIZATION_LEVEL = 0;
				GCC_PREPROCESSOR_DEFINITIONS = (
					"DEBUG=1",
					"$(inherited)",
				);
				GCC_SYMBOLS_PRIVATE_EXTERN = NO;
				GCC_WARN_64_TO_32_BIT_CONVERSION = YES;
				GCC_WARN_ABOUT_RETURN_TYPE = YES_ERROR;
				GCC_WARN_UNDECLARED_SELECTOR = YES;
				GCC_WARN_UNINITIALIZED_AUTOS = YES_AGGRESSIVE;
				GCC_WARN_UNUSED_FUNCTION = YES;
				GCC_WARN_UNUSED_VARIABLE = YES;
				MACOSX_DEPLOYMENT_TARGET = 10.10;
				MTL_ENABLE_DEBUG_INFO = YES;
				ONLY_ACTIVE_ARCH = YES;
				SDKROOT = macosx;
			};
			name = Debug;
		};
		726A957A1A5839D6005D0695 /* Release */ = {
			isa = XCBuildConfiguration;
			buildSettings = {
				ALWAYS_SEARCH_USER_PATHS = NO;
				CLANG_CXX_LANGUAGE_STANDARD = "gnu++0x";
				CLANG_CXX_LIBRARY = "libc++";
				CLANG_ENABLE_MODULES = YES;
				CLANG_ENABLE_OBJC_ARC = YES;
				CLANG_WARN_BOOL_CONVERSION = YES;
				CLANG_WARN_CONSTANT_CONVERSION = YES;
				CLANG_WARN_DIRECT_OBJC_ISA_USAGE = YES_ERROR;
				CLANG_WARN_EMPTY_BODY = YES;
				CLANG_WARN_ENUM_CONVERSION = YES;
				CLANG_WARN_INT_CONVERSION = YES;
				CLANG_WARN_OBJC_ROOT_CLASS = YES_ERROR;
				CLANG_WARN_UNREACHABLE_CODE = YES;
				CLANG_WARN__DUPLICATE_METHOD_MATCH = YES;
				COPY_PHASE_STRIP = YES;
				DEBUG_INFORMATION_FORMAT = "dwarf-with-dsym";
				ENABLE_NS_ASSERTIONS = NO;
				ENABLE_STRICT_OBJC_MSGSEND = YES;
				GCC_C_LANGUAGE_STANDARD = gnu99;
				GCC_WARN_64_TO_32_BIT_CONVERSION = YES;
				GCC_WARN_ABOUT_RETURN_TYPE = YES_ERROR;
				GCC_WARN_UNDECLARED_SELECTOR = YES;
				GCC_WARN_UNINITIALIZED_AUTOS = YES_AGGRESSIVE;
				GCC_WARN_UNUSED_FUNCTION = YES;
				GCC_WARN_UNUSED_VARIABLE = YES;
				MACOSX_DEPLOYMENT_TARGET = 10.10;
				MTL_ENABLE_DEBUG_INFO = NO;
				SDKROOT = macosx;
			};
			name = Release;
		};
		726A957C1A5839D6005D0695 /* Debug */ = {
			isa = XCBuildConfiguration;
			buildSettings = {
				DEBUGGING_SYMBOLS = YES;
				GCC_GENERATE_DEBUGGING_SYMBOLS = YES;
				GCC_OPTIMIZATION_LEVEL = 0;
				OTHER_CFLAGS = "";
				OTHER_LDFLAGS = "";
				PRODUCT_NAME = "$(TARGET_NAME)";
			};
			name = Debug;
		};
		726A957D1A5839D6005D0695 /* Release */ = {
			isa = XCBuildConfiguration;
			buildSettings = {
				OTHER_CFLAGS = "";
				OTHER_LDFLAGS = "";
				PRODUCT_NAME = "$(TARGET_NAME)";
			};
			name = Release;
		};
		72CBBE9C1A5C44D0004E01CB /* Debug */ = {
			isa = XCBuildConfiguration;
			buildSettings = {
				GCC_PREPROCESSOR_DEFINITIONS = (
					"DEBUG=1",
					"$(inherited)",
				);
				PRODUCT_NAME = "$(TARGET_NAME)";
			};
			name = Debug;
		};
		72CBBE9D1A5C44D0004E01CB /* Release */ = {
			isa = XCBuildConfiguration;
			buildSettings = {
				PRODUCT_NAME = "$(TARGET_NAME)";
			};
			name = Release;
		};
		72ED934A1AF3BD1300999B2F /* Debug */ = {
			isa = XCBuildConfiguration;
			buildSettings = {
				CLANG_CXX_LANGUAGE_STANDARD = "gnu++14";
				DEBUG_INFORMATION_FORMAT = dwarf;
				GCC_NO_COMMON_BLOCKS = YES;
				GCC_PREPROCESSOR_DEFINITIONS = (
					"DEBUG=1",
					"$(inherited)",
				);
				PRODUCT_NAME = "$(TARGET_NAME)";
			};
			name = Debug;
		};
		72ED934B1AF3BD1300999B2F /* Release */ = {
			isa = XCBuildConfiguration;
			buildSettings = {
				CLANG_CXX_LANGUAGE_STANDARD = "gnu++14";
				COPY_PHASE_STRIP = NO;
				GCC_NO_COMMON_BLOCKS = YES;
				PRODUCT_NAME = "$(TARGET_NAME)";
			};
			name = Release;
		};
/* End XCBuildConfiguration section */

/* Begin XCConfigurationList section */
		726A95771A5839D6005D0695 /* Build configuration list for PBXProject "MKPi" */ = {
			isa = XCConfigurationList;
			buildConfigurations = (
				726A95791A5839D6005D0695 /* Debug */,
				726A957A1A5839D6005D0695 /* Release */,
			);
			defaultConfigurationIsVisible = 0;
			defaultConfigurationName = Release;
		};
		726A957B1A5839D6005D0695 /* Build configuration list for PBXLegacyTarget "MKPi" */ = {
			isa = XCConfigurationList;
			buildConfigurations = (
				726A957C1A5839D6005D0695 /* Debug */,
				726A957D1A5839D6005D0695 /* Release */,
			);
			defaultConfigurationIsVisible = 0;
			defaultConfigurationName = Release;
		};
		72CBBE9B1A5C44D0004E01CB /* Build configuration list for PBXNativeTarget "MKPi-doc" */ = {
			isa = XCConfigurationList;
			buildConfigurations = (
				72CBBE9C1A5C44D0004E01CB /* Debug */,
				72CBBE9D1A5C44D0004E01CB /* Release */,
			);
			defaultConfigurationIsVisible = 0;
			defaultConfigurationName = Release;
		};
		72ED93491AF3BD1300999B2F /* Build configuration list for PBXNativeTarget "mkpi-tests" */ = {
			isa = XCConfigurationList;
			buildConfigurations = (
				72ED934A1AF3BD1300999B2F /* Debug */,
				72ED934B1AF3BD1300999B2F /* Release */,
			);
			defaultConfigurationIsVisible = 0;
			defaultConfigurationName = Release;
		};
/* End XCConfigurationList section */
	};
	rootObject = 726A95741A5839D6005D0695 /* Project object */;
}
