// !$*UTF8*$!
{
	archiveVersion = 1;
	classes = {
	};
	objectVersion = 46;
	objects = {

/* Begin PBXBuildFile section */
		725FE7C51B0D0CA4006C4AC6 /* UartMessage.cpp in Sources */ = {isa = PBXBuildFile; fileRef = 725FE7C31B0D0CA4006C4AC6 /* UartMessage.cpp */; };
		725FE7E41B0D1B39006C4AC6 /* UartMessage.h in Headers */ = {isa = PBXBuildFile; fileRef = 725FE7E31B0D1B39006C4AC6 /* UartMessage.h */; settings = {ATTRIBUTES = (Public, ); }; };
/* End PBXBuildFile section */

/* Begin PBXFileReference section */
		725FE7B81B0D0BB8006C4AC6 /* libMKPiSerialProtocol.a */ = {isa = PBXFileReference; explicitFileType = archive.ar; includeInIndex = 0; path = libMKPiSerialProtocol.a; sourceTree = BUILT_PRODUCTS_DIR; };
		725FE7C31B0D0CA4006C4AC6 /* UartMessage.cpp */ = {isa = PBXFileReference; fileEncoding = 4; lastKnownFileType = sourcecode.cpp.cpp; path = UartMessage.cpp; sourceTree = "<group>"; };
		725FE7E01B0D16A1006C4AC6 /* makefile */ = {isa = PBXFileReference; fileEncoding = 4; lastKnownFileType = sourcecode.make; path = makefile; sourceTree = "<group>"; };
		725FE7E31B0D1B39006C4AC6 /* UartMessage.h */ = {isa = PBXFileReference; fileEncoding = 4; lastKnownFileType = sourcecode.c.h; path = UartMessage.h; sourceTree = "<group>"; };
/* End PBXFileReference section */

/* Begin PBXFrameworksBuildPhase section */
		725FE7B51B0D0BB8006C4AC6 /* Frameworks */ = {
			isa = PBXFrameworksBuildPhase;
			buildActionMask = 2147483647;
			files = (
			);
			runOnlyForDeploymentPostprocessing = 0;
		};
/* End PBXFrameworksBuildPhase section */

/* Begin PBXGroup section */
		725FE7AF1B0D0BB8006C4AC6 = {
			isa = PBXGroup;
			children = (
				725FE7DF1B0D16A1006C4AC6 /* compile */,
				725FE7E21B0D1B39006C4AC6 /* include */,
				725FE7C31B0D0CA4006C4AC6 /* UartMessage.cpp */,
				725FE7B91B0D0BB8006C4AC6 /* Products */,
			);
			sourceTree = "<group>";
		};
		725FE7B91B0D0BB8006C4AC6 /* Products */ = {
			isa = PBXGroup;
			children = (
				725FE7B81B0D0BB8006C4AC6 /* libMKPiSerialProtocol.a */,
			);
			name = Products;
			sourceTree = "<group>";
		};
		725FE7DF1B0D16A1006C4AC6 /* compile */ = {
			isa = PBXGroup;
			children = (
				725FE7E01B0D16A1006C4AC6 /* makefile */,
			);
			path = compile;
			sourceTree = "<group>";
		};
		725FE7E21B0D1B39006C4AC6 /* include */ = {
			isa = PBXGroup;
			children = (
				725FE7E31B0D1B39006C4AC6 /* UartMessage.h */,
			);
			name = include;
			path = Include;
			sourceTree = "<group>";
		};
/* End PBXGroup section */

/* Begin PBXHeadersBuildPhase section */
		725FE7B61B0D0BB8006C4AC6 /* Headers */ = {
			isa = PBXHeadersBuildPhase;
			buildActionMask = 2147483647;
			files = (
				725FE7E41B0D1B39006C4AC6 /* UartMessage.h in Headers */,
			);
			runOnlyForDeploymentPostprocessing = 0;
		};
/* End PBXHeadersBuildPhase section */

/* Begin PBXLegacyTarget section */
		725FE7D31B0D15D4006C4AC6 /* MKPISerialProtocol_RBPI */ = {
			isa = PBXLegacyTarget;
			buildArgumentsString = "$(ACTION)";
			buildConfigurationList = 725FE7D41B0D15D4006C4AC6 /* Build configuration list for PBXLegacyTarget "MKPISerialProtocol_RBPI" */;
			buildPhases = (
			);
			buildToolPath = make;
			buildWorkingDirectory = ./compile;
			dependencies = (
			);
			name = MKPISerialProtocol_RBPI;
			passBuildSettingsInEnvironment = 1;
			productName = MKPISerialProtocol_RBPI;
		};
/* End PBXLegacyTarget section */

/* Begin PBXNativeTarget section */
		725FE7B71B0D0BB8006C4AC6 /* MKPiSerialProtocol */ = {
			isa = PBXNativeTarget;
			buildConfigurationList = 725FE7BC1B0D0BB8006C4AC6 /* Build configuration list for PBXNativeTarget "MKPiSerialProtocol" */;
			buildPhases = (
				725FE7B41B0D0BB8006C4AC6 /* Sources */,
				725FE7B51B0D0BB8006C4AC6 /* Frameworks */,
				725FE7B61B0D0BB8006C4AC6 /* Headers */,
			);
			buildRules = (
			);
			dependencies = (
			);
			name = MKPiSerialProtocol;
			productName = MKPiSerialProtocol;
			productReference = 725FE7B81B0D0BB8006C4AC6 /* libMKPiSerialProtocol.a */;
			productType = "com.apple.product-type.library.static";
		};
/* End PBXNativeTarget section */

/* Begin PBXProject section */
		725FE7B01B0D0BB8006C4AC6 /* Project object */ = {
			isa = PBXProject;
			attributes = {
				LastUpgradeCheck = 0630;
				ORGANIZATIONNAME = "Maurus Kühne";
				TargetAttributes = {
					725FE7B71B0D0BB8006C4AC6 = {
						CreatedOnToolsVersion = 6.3.1;
					};
					725FE7D31B0D15D4006C4AC6 = {
						CreatedOnToolsVersion = 6.3.1;
					};
				};
			};
			buildConfigurationList = 725FE7B31B0D0BB8006C4AC6 /* Build configuration list for PBXProject "MKPiSerialProtocol" */;
			compatibilityVersion = "Xcode 3.2";
			developmentRegion = English;
			hasScannedForEncodings = 0;
			knownRegions = (
				en,
			);
			mainGroup = 725FE7AF1B0D0BB8006C4AC6;
			productRefGroup = 725FE7B91B0D0BB8006C4AC6 /* Products */;
			projectDirPath = "";
			projectRoot = "";
			targets = (
				725FE7B71B0D0BB8006C4AC6 /* MKPiSerialProtocol */,
				725FE7D31B0D15D4006C4AC6 /* MKPISerialProtocol_RBPI */,
			);
		};
/* End PBXProject section */

/* Begin PBXSourcesBuildPhase section */
		725FE7B41B0D0BB8006C4AC6 /* Sources */ = {
			isa = PBXSourcesBuildPhase;
			buildActionMask = 2147483647;
			files = (
				725FE7C51B0D0CA4006C4AC6 /* UartMessage.cpp in Sources */,
			);
			runOnlyForDeploymentPostprocessing = 0;
		};
/* End PBXSourcesBuildPhase section */

/* Begin XCBuildConfiguration section */
		725FE7BA1B0D0BB8006C4AC6 /* Debug */ = {
			isa = XCBuildConfiguration;
			buildSettings = {
				ALWAYS_SEARCH_USER_PATHS = NO;
				CLANG_CXX_LANGUAGE_STANDARD = "gnu++0x";
				CLANG_CXX_LIBRARY = "libc++";
				CLANG_ENABLE_MODULES = YES;
				CLANG_ENABLE_OBJC_ARC = YES;
				CLANG_WARN_BOOL_CONVERSION = YES;
				CLANG_WARN_CONSTANT_CONVERSION = YES;
				CLANG_WARN_DIRECT_OBJC_ISA_USAGE = YES_ERROR;
				CLANG_WARN_EMPTY_BODY = YES;
				CLANG_WARN_ENUM_CONVERSION = YES;
				CLANG_WARN_INT_CONVERSION = YES;
				CLANG_WARN_OBJC_ROOT_CLASS = YES_ERROR;
				CLANG_WARN_UNREACHABLE_CODE = YES;
				CLANG_WARN__DUPLICATE_METHOD_MATCH = YES;
				COPY_PHASE_STRIP = NO;
				DEBUG_INFORMATION_FORMAT = dwarf;
				ENABLE_STRICT_OBJC_MSGSEND = YES;
				GCC_C_LANGUAGE_STANDARD = gnu99;
				GCC_DYNAMIC_NO_PIC = NO;
				GCC_NO_COMMON_BLOCKS = YES;
				GCC_OPTIMIZATION_LEVEL = 0;
				GCC_PREPROCESSOR_DEFINITIONS = (
					"DEBUG=1",
					"$(inherited)",
				);
				GCC_SYMBOLS_PRIVATE_EXTERN = NO;
				GCC_WARN_64_TO_32_BIT_CONVERSION = YES;
				GCC_WARN_ABOUT_RETURN_TYPE = YES_ERROR;
				GCC_WARN_UNDECLARED_SELECTOR = YES;
				GCC_WARN_UNINITIALIZED_AUTOS = YES_AGGRESSIVE;
				GCC_WARN_UNUSED_FUNCTION = YES;
				GCC_WARN_UNUSED_VARIABLE = YES;
				MACOSX_DEPLOYMENT_TARGET = 10.10;
				MTL_ENABLE_DEBUG_INFO = YES;
				ONLY_ACTIVE_ARCH = YES;
				SDKROOT = macosx;
			};
			name = Debug;
		};
		725FE7BB1B0D0BB8006C4AC6 /* Release */ = {
			isa = XCBuildConfiguration;
			buildSettings = {
				ALWAYS_SEARCH_USER_PATHS = NO;
				CLANG_CXX_LANGUAGE_STANDARD = "gnu++0x";
				CLANG_CXX_LIBRARY = "libc++";
				CLANG_ENABLE_MODULES = YES;
				CLANG_ENABLE_OBJC_ARC = YES;
				CLANG_WARN_BOOL_CONVERSION = YES;
				CLANG_WARN_CONSTANT_CONVERSION = YES;
				CLANG_WARN_DIRECT_OBJC_ISA_USAGE = YES_ERROR;
				CLANG_WARN_EMPTY_BODY = YES;
				CLANG_WARN_ENUM_CONVERSION = YES;
				CLANG_WARN_INT_CONVERSION = YES;
				CLANG_WARN_OBJC_ROOT_CLASS = YES_ERROR;
				CLANG_WARN_UNREACHABLE_CODE = YES;
				CLANG_WARN__DUPLICATE_METHOD_MATCH = YES;
				COPY_PHASE_STRIP = NO;
				DEBUG_INFORMATION_FORMAT = "dwarf-with-dsym";
				ENABLE_NS_ASSERTIONS = NO;
				ENABLE_STRICT_OBJC_MSGSEND = YES;
				GCC_C_LANGUAGE_STANDARD = gnu99;
				GCC_NO_COMMON_BLOCKS = YES;
				GCC_WARN_64_TO_32_BIT_CONVERSION = YES;
				GCC_WARN_ABOUT_RETURN_TYPE = YES_ERROR;
				GCC_WARN_UNDECLARED_SELECTOR = YES;
				GCC_WARN_UNINITIALIZED_AUTOS = YES_AGGRESSIVE;
				GCC_WARN_UNUSED_FUNCTION = YES;
				GCC_WARN_UNUSED_VARIABLE = YES;
				MACOSX_DEPLOYMENT_TARGET = 10.10;
				MTL_ENABLE_DEBUG_INFO = NO;
				SDKROOT = macosx;
			};
			name = Release;
		};
		725FE7BD1B0D0BB8006C4AC6 /* Debug */ = {
			isa = XCBuildConfiguration;
			buildSettings = {
				EXECUTABLE_PREFIX = lib;
				INSTALL_PATH = "$(BUILT_PRODUCTS_DIR)";
				PRODUCT_NAME = "$(TARGET_NAME)";
				SCAN_ALL_SOURCE_FILES_FOR_INCLUDES = NO;
				SKIP_INSTALL = YES;
			};
			name = Debug;
		};
		725FE7BE1B0D0BB8006C4AC6 /* Release */ = {
			isa = XCBuildConfiguration;
			buildSettings = {
				EXECUTABLE_PREFIX = lib;
				INSTALL_PATH = "$(BUILT_PRODUCTS_DIR)";
				PRODUCT_NAME = "$(TARGET_NAME)";
				SCAN_ALL_SOURCE_FILES_FOR_INCLUDES = NO;
				SKIP_INSTALL = YES;
			};
			name = Release;
		};
		725FE7D51B0D15D4006C4AC6 /* Debug */ = {
			isa = XCBuildConfiguration;
			buildSettings = {
				DEBUGGING_SYMBOLS = YES;
				GCC_GENERATE_DEBUGGING_SYMBOLS = YES;
				GCC_OPTIMIZATION_LEVEL = 0;
				GCC_PREPROCESSOR_DEFINITIONS = (
					"DEBUG=1",
					"$(inherited)",
				);
				OTHER_CFLAGS = "";
				OTHER_LDFLAGS = "";
				PRODUCT_NAME = "$(TARGET_NAME)";
			};
			name = Debug;
		};
		725FE7D61B0D15D4006C4AC6 /* Release */ = {
			isa = XCBuildConfiguration;
			buildSettings = {
				OTHER_CFLAGS = "";
				OTHER_LDFLAGS = "";
				PRODUCT_NAME = "$(TARGET_NAME)";
			};
			name = Release;
		};
/* End XCBuildConfiguration section */

/* Begin XCConfigurationList section */
		725FE7B31B0D0BB8006C4AC6 /* Build configuration list for PBXProject "MKPiSerialProtocol" */ = {
			isa = XCConfigurationList;
			buildConfigurations = (
				725FE7BA1B0D0BB8006C4AC6 /* Debug */,
				725FE7BB1B0D0BB8006C4AC6 /* Release */,
			);
			defaultConfigurationIsVisible = 0;
			defaultConfigurationName = Release;
		};
		725FE7BC1B0D0BB8006C4AC6 /* Build configuration list for PBXNativeTarget "MKPiSerialProtocol" */ = {
			isa = XCConfigurationList;
			buildConfigurations = (
				725FE7BD1B0D0BB8006C4AC6 /* Debug */,
				725FE7BE1B0D0BB8006C4AC6 /* Release */,
			);
			defaultConfigurationIsVisible = 0;
			defaultConfigurationName = Release;
		};
		725FE7D41B0D15D4006C4AC6 /* Build configuration list for PBXLegacyTarget "MKPISerialProtocol_RBPI" */ = {
			isa = XCConfigurationList;
			buildConfigurations = (
				725FE7D51B0D15D4006C4AC6 /* Debug */,
				725FE7D61B0D15D4006C4AC6 /* Release */,
			);
			defaultConfigurationIsVisible = 0;
		};
/* End XCConfigurationList section */
	};
	rootObject = 725FE7B01B0D0BB8006C4AC6 /* Project object */;
}
